
Microsoft Visual Studio Solution File, Format Version 12.00
# Visual Studio Version 17
VisualStudioVersion = 17.14.36623.8 d17.14
MinimumVisualStudioVersion = 10.0.40219.1
Project("{FAE04EC0-301F-11D3-BF4B-00C04F79EFBC}") = "SpelProjekt-Pevin", "SpelProjekt-Pevin.csproj", "{D293D1FF-BFC6-40EC-9A7E-56CA07580550}"
EndProject
Global
	GlobalSection(SolutionConfigurationPlatforms) = preSolution
		Debug|Any CPU = Debug|Any CPU
		Release|Any CPU = Release|Any CPU
	EndGlobalSection
	GlobalSection(ProjectConfigurationPlatforms) = postSolution
		{D293D1FF-BFC6-40EC-9A7E-56CA07580550}.Debug|Any CPU.ActiveCfg = Debug|Any CPU
		{D293D1FF-BFC6-40EC-9A7E-56CA07580550}.Debug|Any CPU.Build.0 = Debug|Any CPU
		{D293D1FF-BFC6-40EC-9A7E-56CA07580550}.Release|Any CPU.ActiveCfg = Release|Any CPU
		{D293D1FF-BFC6-40EC-9A7E-56CA07580550}.Release|Any CPU.Build.0 = Release|Any CPU
	EndGlobalSection
	GlobalSection(SolutionProperties) = preSolution
		HideSolutionNode = FALSE
	EndGlobalSection
	GlobalSection(ExtensibilityGlobals) = postSolution
		SolutionGuid = {27B619CD-2094-4606-ABF7-142FE2F85556}
	EndGlobalSection
EndGlobal
